
Microsoft Visual Studio Solution File, Format Version 12.00
# Visual Studio Version 17
VisualStudioVersion = 17.6.33723.286
MinimumVisualStudioVersion = 10.0.40219.1
Project("{FAE04EC0-301F-11D3-BF4B-00C04F79EFBC}") = "Auc7", "Auc7.csproj", "{81751B71-4EE2-4B4B-A874-1EED85354FC3}"
EndProject
Global
	GlobalSection(SolutionConfigurationPlatforms) = preSolution
		Debug|Any CPU = Debug|Any CPU
		Release|Any CPU = Release|Any CPU
	EndGlobalSection
	GlobalSection(ProjectConfigurationPlatforms) = postSolution
		{81751B71-4EE2-4B4B-A874-1EED85354FC3}.Debug|Any CPU.ActiveCfg = Debug|Any CPU
		{81751B71-4EE2-4B4B-A874-1EED85354FC3}.Debug|Any CPU.Build.0 = Debug|Any CPU
		{81751B71-4EE2-4B4B-A874-1EED85354FC3}.Release|Any CPU.ActiveCfg = Release|Any CPU
		{81751B71-4EE2-4B4B-A874-1EED85354FC3}.Release|Any CPU.Build.0 = Release|Any CPU
	EndGlobalSection
	GlobalSection(SolutionProperties) = preSolution
		HideSolutionNode = FALSE
	EndGlobalSection
	GlobalSection(ExtensibilityGlobals) = postSolution
		SolutionGuid = {D30BD8A9-21C3-4D3E-A418-A99D2A855A87}
	EndGlobalSection
EndGlobal
